
Microsoft Visual Studio Solution File, Format Version 12.00
# Visual Studio Version 17
VisualStudioVersion = 17.14.36616.10 d17.14
MinimumVisualStudioVersion = 10.0.40219.1
Project("{FAE04EC0-301F-11D3-BF4B-00C04F79EFBC}") = "find-greatest-common-divisor-array", "find-greatest-common-divisor-array\find-greatest-common-divisor-array.csproj", "{E98E5710-0471-46A5-8419-8717FB572133}"
EndProject
Global
	GlobalSection(SolutionConfigurationPlatforms) = preSolution
		Debug|Any CPU = Debug|Any CPU
		Release|Any CPU = Release|Any CPU
	EndGlobalSection
	GlobalSection(ProjectConfigurationPlatforms) = postSolution
		{E98E5710-0471-46A5-8419-8717FB572133}.Debug|Any CPU.ActiveCfg = Debug|Any CPU
		{E98E5710-0471-46A5-8419-8717FB572133}.Debug|Any CPU.Build.0 = Debug|Any CPU
		{E98E5710-0471-46A5-8419-8717FB572133}.Release|Any CPU.ActiveCfg = Release|Any CPU
		{E98E5710-0471-46A5-8419-8717FB572133}.Release|Any CPU.Build.0 = Release|Any CPU
	EndGlobalSection
	GlobalSection(SolutionProperties) = preSolution
		HideSolutionNode = FALSE
	EndGlobalSection
	GlobalSection(ExtensibilityGlobals) = postSolution
		SolutionGuid = {189006C1-0A6D-41BE-AED7-91BB4BEDF6C3}
	EndGlobalSection
EndGlobal
