
Microsoft Visual Studio Solution File, Format Version 12.00
# Visual Studio Version 17
VisualStudioVersion = 17.14.36616.10 d17.14
MinimumVisualStudioVersion = 10.0.40219.1
Project("{FAE04EC0-301F-11D3-BF4B-00C04F79EFBC}") = "power-of-two", "power-of-two\power-of-two.csproj", "{B327EC2B-6AF5-400D-AB52-9BC949585B00}"
EndProject
Global
	GlobalSection(SolutionConfigurationPlatforms) = preSolution
		Debug|Any CPU = Debug|Any CPU
		Release|Any CPU = Release|Any CPU
	EndGlobalSection
	GlobalSection(ProjectConfigurationPlatforms) = postSolution
		{B327EC2B-6AF5-400D-AB52-9BC949585B00}.Debug|Any CPU.ActiveCfg = Debug|Any CPU
		{B327EC2B-6AF5-400D-AB52-9BC949585B00}.Debug|Any CPU.Build.0 = Debug|Any CPU
		{B327EC2B-6AF5-400D-AB52-9BC949585B00}.Release|Any CPU.ActiveCfg = Release|Any CPU
		{B327EC2B-6AF5-400D-AB52-9BC949585B00}.Release|Any CPU.Build.0 = Release|Any CPU
	EndGlobalSection
	GlobalSection(SolutionProperties) = preSolution
		HideSolutionNode = FALSE
	EndGlobalSection
	GlobalSection(ExtensibilityGlobals) = postSolution
		SolutionGuid = {11A17F29-49A2-43D2-B5FD-6EF8D99B91B4}
	EndGlobalSection
EndGlobal
