
Microsoft Visual Studio Solution File, Format Version 12.00
# Visual Studio Version 17
VisualStudioVersion = 17.14.36616.10 d17.14
MinimumVisualStudioVersion = 10.0.40219.1
Project("{FAE04EC0-301F-11D3-BF4B-00C04F79EFBC}") = "add-binary", "add-binary\add-binary.csproj", "{7083A1FD-C308-4EA6-ACE9-D704F8CAEB33}"
EndProject
Global
	GlobalSection(SolutionConfigurationPlatforms) = preSolution
		Debug|Any CPU = Debug|Any CPU
		Release|Any CPU = Release|Any CPU
	EndGlobalSection
	GlobalSection(ProjectConfigurationPlatforms) = postSolution
		{7083A1FD-C308-4EA6-ACE9-D704F8CAEB33}.Debug|Any CPU.ActiveCfg = Debug|Any CPU
		{7083A1FD-C308-4EA6-ACE9-D704F8CAEB33}.Debug|Any CPU.Build.0 = Debug|Any CPU
		{7083A1FD-C308-4EA6-ACE9-D704F8CAEB33}.Release|Any CPU.ActiveCfg = Release|Any CPU
		{7083A1FD-C308-4EA6-ACE9-D704F8CAEB33}.Release|Any CPU.Build.0 = Release|Any CPU
	EndGlobalSection
	GlobalSection(SolutionProperties) = preSolution
		HideSolutionNode = FALSE
	EndGlobalSection
	GlobalSection(ExtensibilityGlobals) = postSolution
		SolutionGuid = {5AB2CED6-607F-4637-BBA7-28980F77FE32}
	EndGlobalSection
EndGlobal
