
Microsoft Visual Studio Solution File, Format Version 12.00
# Visual Studio Version 17
VisualStudioVersion = 17.14.36616.10 d17.14
MinimumVisualStudioVersion = 10.0.40219.1
Project("{FAE04EC0-301F-11D3-BF4B-00C04F79EFBC}") = "sqrt(x)", "sqrt(x)\sqrt(x).csproj", "{CA06CA4B-4FCD-4BFB-A578-DE0ACF6F702B}"
EndProject
Global
	GlobalSection(SolutionConfigurationPlatforms) = preSolution
		Debug|Any CPU = Debug|Any CPU
		Release|Any CPU = Release|Any CPU
	EndGlobalSection
	GlobalSection(ProjectConfigurationPlatforms) = postSolution
		{CA06CA4B-4FCD-4BFB-A578-DE0ACF6F702B}.Debug|Any CPU.ActiveCfg = Debug|Any CPU
		{CA06CA4B-4FCD-4BFB-A578-DE0ACF6F702B}.Debug|Any CPU.Build.0 = Debug|Any CPU
		{CA06CA4B-4FCD-4BFB-A578-DE0ACF6F702B}.Release|Any CPU.ActiveCfg = Release|Any CPU
		{CA06CA4B-4FCD-4BFB-A578-DE0ACF6F702B}.Release|Any CPU.Build.0 = Release|Any CPU
	EndGlobalSection
	GlobalSection(SolutionProperties) = preSolution
		HideSolutionNode = FALSE
	EndGlobalSection
	GlobalSection(ExtensibilityGlobals) = postSolution
		SolutionGuid = {14D26764-47F4-44D4-B6F3-FD66482E0EA7}
	EndGlobalSection
EndGlobal
