
Microsoft Visual Studio Solution File, Format Version 12.00
# Visual Studio Version 17
VisualStudioVersion = 17.14.36616.10 d17.14
MinimumVisualStudioVersion = 10.0.40219.1
Project("{FAE04EC0-301F-11D3-BF4B-00C04F79EFBC}") = "valid-parentheses", "valid-parentheses\valid-parentheses.csproj", "{730B430A-401D-4F73-996A-08343EC65CF4}"
EndProject
Global
	GlobalSection(SolutionConfigurationPlatforms) = preSolution
		Debug|Any CPU = Debug|Any CPU
		Release|Any CPU = Release|Any CPU
	EndGlobalSection
	GlobalSection(ProjectConfigurationPlatforms) = postSolution
		{730B430A-401D-4F73-996A-08343EC65CF4}.Debug|Any CPU.ActiveCfg = Debug|Any CPU
		{730B430A-401D-4F73-996A-08343EC65CF4}.Debug|Any CPU.Build.0 = Debug|Any CPU
		{730B430A-401D-4F73-996A-08343EC65CF4}.Release|Any CPU.ActiveCfg = Release|Any CPU
		{730B430A-401D-4F73-996A-08343EC65CF4}.Release|Any CPU.Build.0 = Release|Any CPU
	EndGlobalSection
	GlobalSection(SolutionProperties) = preSolution
		HideSolutionNode = FALSE
	EndGlobalSection
	GlobalSection(ExtensibilityGlobals) = postSolution
		SolutionGuid = {449FDDCE-8A07-4354-A572-DC99669A7969}
	EndGlobalSection
EndGlobal
